# THIS IS AN AUTOGENERATED FILE. DO NOT EDIT THIS FILE DIRECTLY.
# yarn lockfile v1


"@prisma/cli@2.0.0-beta.4":
  version "2.0.0-beta.4"
  resolved "https://registry.yarnpkg.com/@prisma/cli/-/cli-2.0.0-beta.4.tgz#4989dab626ba5de0591af1a14f423db4838a5e8c"

"@prisma/client@2.0.0-beta.4":
  version "2.0.0-beta.4"
  resolved "https://registry.yarnpkg.com/@prisma/client/-/client-2.0.0-beta.4.tgz#fd94c3780108d9886c31526e85eba42369050f0c"
